// !$*UTF8*$!
{
	archiveVersion = 1;
	classes = {
	};
	objectVersion = 52;
	objects = {

/* Begin PBXBuildFile section */
		C90DA5202484724900AA29C8 /* TCAPostalAddress.swift in Sources */ = {isa = PBXBuildFile; fileRef = C90DA51F2484724900AA29C8 /* TCAPostalAddress.swift */; };
		C90DA5222484726700AA29C8 /* TCACoordinate.swift in Sources */ = {isa = PBXBuildFile; fileRef = C90DA5212484726700AA29C8 /* TCACoordinate.swift */; };
		C912B07E2475FCD70016F9F8 /* TCABannerCell.swift in Sources */ = {isa = PBXBuildFile; fileRef = C912B07D2475FCD70016F9F8 /* TCABannerCell.swift */; };
		C91331C823DB522400F47451 /* UIFont+Extension.swift in Sources */ = {isa = PBXBuildFile; fileRef = C91331C723DB522400F47451 /* UIFont+Extension.swift */; };
		C9152ADC23D75359002B9D5D /* LineChartView.swift in Sources */ = {isa = PBXBuildFile; fileRef = C9152ADB23D75359002B9D5D /* LineChartView.swift */; };
		C915C839247C444A001AF030 /* TCASettingsThemeController.swift in Sources */ = {isa = PBXBuildFile; fileRef = C915C838247C444A001AF030 /* TCASettingsThemeController.swift */; };
		C915C83D247C45D2001AF030 /* TCASettingsGeneralController.swift in Sources */ = {isa = PBXBuildFile; fileRef = C915C83C247C45D2001AF030 /* TCASettingsGeneralController.swift */; };
		C915C83F247C563A001AF030 /* TCASettingsTipJarController.swift in Sources */ = {isa = PBXBuildFile; fileRef = C915C83E247C563A001AF030 /* TCASettingsTipJarController.swift */; };
		C915C841247C5655001AF030 /* TCASettingsContactController.swift in Sources */ = {isa = PBXBuildFile; fileRef = C915C840247C5655001AF030 /* TCASettingsContactController.swift */; };
		C915C843247C566B001AF030 /* TCASettingsIconController.swift in Sources */ = {isa = PBXBuildFile; fileRef = C915C842247C566B001AF030 /* TCASettingsIconController.swift */; };
		C915C845247C567A001AF030 /* TCASettingsColorController.swift in Sources */ = {isa = PBXBuildFile; fileRef = C915C844247C567A001AF030 /* TCASettingsColorController.swift */; };
		C9339F4C247B28EE007A00F4 /* TCARootController.swift in Sources */ = {isa = PBXBuildFile; fileRef = C9339F4B247B28EE007A00F4 /* TCARootController.swift */; };
		C9339F4E247B2D24007A00F4 /* TCASessionsController.swift in Sources */ = {isa = PBXBuildFile; fileRef = C9339F4D247B2D24007A00F4 /* TCASessionsController.swift */; };
		C9339F51247B2D3B007A00F4 /* TCALocationsController.swift in Sources */ = {isa = PBXBuildFile; fileRef = C9339F50247B2D3B007A00F4 /* TCALocationsController.swift */; };
		C9339F53247B2D4B007A00F4 /* TCAStatisticsController.swift in Sources */ = {isa = PBXBuildFile; fileRef = C9339F52247B2D4B007A00F4 /* TCAStatisticsController.swift */; };
		C9339F55247B2D58007A00F4 /* TCASettingsController.swift in Sources */ = {isa = PBXBuildFile; fileRef = C9339F54247B2D58007A00F4 /* TCASettingsController.swift */; };
		C94DBDD024717BF000F91F22 /* TCADescriptiveButton.swift in Sources */ = {isa = PBXBuildFile; fileRef = C94DBDCF24717BF000F91F22 /* TCADescriptiveButton.swift */; };
		C94F1360245600030066020B /* SessionViewController.swift in Sources */ = {isa = PBXBuildFile; fileRef = C94F135F245600030066020B /* SessionViewController.swift */; };
		C95531A3247337C70066DAE1 /* TCAProtocols.swift in Sources */ = {isa = PBXBuildFile; fileRef = C95531A2247337C70066DAE1 /* TCAProtocols.swift */; };
		C95531A5247337DC0066DAE1 /* TCATypes.swift in Sources */ = {isa = PBXBuildFile; fileRef = C95531A4247337DC0066DAE1 /* TCATypes.swift */; };
		C95531A724733FD40066DAE1 /* TCAEnumerations.swift in Sources */ = {isa = PBXBuildFile; fileRef = C95531A624733FD40066DAE1 /* TCAEnumerations.swift */; };
		C95531AA247340A00066DAE1 /* TCAConstants.swift in Sources */ = {isa = PBXBuildFile; fileRef = C95531A9247340A00066DAE1 /* TCAConstants.swift */; };
		C95531AC2473539C0066DAE1 /* TCALocationController.swift in Sources */ = {isa = PBXBuildFile; fileRef = C95531AB2473539C0066DAE1 /* TCALocationController.swift */; };
		C95531AE247354130066DAE1 /* TCASessionController.swift in Sources */ = {isa = PBXBuildFile; fileRef = C95531AD247354130066DAE1 /* TCASessionController.swift */; };
		C95531B0247354290066DAE1 /* TCAClimbController.swift in Sources */ = {isa = PBXBuildFile; fileRef = C95531AF247354290066DAE1 /* TCAClimbController.swift */; };
		C964DBC2247219A5004DB8B0 /* TCALocation.swift in Sources */ = {isa = PBXBuildFile; fileRef = C964DBC1247219A5004DB8B0 /* TCALocation.swift */; };
		C964DBC62472D470004DB8B0 /* TCALocationCell.swift in Sources */ = {isa = PBXBuildFile; fileRef = C964DBC52472D470004DB8B0 /* TCALocationCell.swift */; };
		C96B2FD0245B1AF3009CC0BD /* TCAAttempt.swift in Sources */ = {isa = PBXBuildFile; fileRef = C96B2FCF245B1AF3009CC0BD /* TCAAttempt.swift */; };
		C974EE2923D34C0D0041A767 /* AppDelegate.swift in Sources */ = {isa = PBXBuildFile; fileRef = C974EE2823D34C0D0041A767 /* AppDelegate.swift */; };
		C974EE2B23D34C0D0041A767 /* SceneDelegate.swift in Sources */ = {isa = PBXBuildFile; fileRef = C974EE2A23D34C0D0041A767 /* SceneDelegate.swift */; };
		C974EE3323D34C0D0041A767 /* ClimbingApp.xcdatamodeld in Sources */ = {isa = PBXBuildFile; fileRef = C974EE3123D34C0D0041A767 /* ClimbingApp.xcdatamodeld */; };
		C974EE3523D34C0E0041A767 /* Assets.xcassets in Resources */ = {isa = PBXBuildFile; fileRef = C974EE3423D34C0E0041A767 /* Assets.xcassets */; };
		C974EE3823D34C0E0041A767 /* LaunchScreen.storyboard in Resources */ = {isa = PBXBuildFile; fileRef = C974EE3623D34C0E0041A767 /* LaunchScreen.storyboard */; };
		C974EE4323D34C0E0041A767 /* ClimbingAppTests.swift in Sources */ = {isa = PBXBuildFile; fileRef = C974EE4223D34C0E0041A767 /* ClimbingAppTests.swift */; };
		C974EE4E23D34C0E0041A767 /* ClimbingAppUITests.swift in Sources */ = {isa = PBXBuildFile; fileRef = C974EE4D23D34C0E0041A767 /* ClimbingAppUITests.swift */; };
		C97B791F2434D6B400DE3F40 /* TCAButtonCell.swift in Sources */ = {isa = PBXBuildFile; fileRef = C97B791E2434D6B400DE3F40 /* TCAButtonCell.swift */; };
		C97B79212434D6C800DE3F40 /* TCADescriptiveButtonCell.swift in Sources */ = {isa = PBXBuildFile; fileRef = C97B79202434D6C800DE3F40 /* TCADescriptiveButtonCell.swift */; };
		C97B7923243500A700DE3F40 /* TCACardCell.swift in Sources */ = {isa = PBXBuildFile; fileRef = C97B7922243500A700DE3F40 /* TCACardCell.swift */; };
		C98680C8242E98BB00BBF5A6 /* GradeSelectorController.swift in Sources */ = {isa = PBXBuildFile; fileRef = C98680C7242E98BB00BBF5A6 /* GradeSelectorController.swift */; };
		C98680CA242EA23400BBF5A6 /* ClimbTypeSelectorController.swift in Sources */ = {isa = PBXBuildFile; fileRef = C98680C9242EA23400BBF5A6 /* ClimbTypeSelectorController.swift */; };
		C98680CC242FC6EC00BBF5A6 /* GradeSystemSelectorController.swift in Sources */ = {isa = PBXBuildFile; fileRef = C98680CB242FC6EC00BBF5A6 /* GradeSystemSelectorController.swift */; };
		C98680DA24328B2900BBF5A6 /* UIView+Extension.swift in Sources */ = {isa = PBXBuildFile; fileRef = C98680D924328B2900BBF5A6 /* UIView+Extension.swift */; };
		C990B9C4244DDCF9005FCCFD /* SetupSessionViewController.swift in Sources */ = {isa = PBXBuildFile; fileRef = C990B9C3244DDCF9005FCCFD /* SetupSessionViewController.swift */; };
		C9944BCA2421AF8E004EAEFE /* TCAUserData.swift in Sources */ = {isa = PBXBuildFile; fileRef = C9944BC92421AF8E004EAEFE /* TCAUserData.swift */; };
		C9953DE0247D96E7006528D5 /* NSNotification+extension.swift in Sources */ = {isa = PBXBuildFile; fileRef = C9953DDF247D96E7006528D5 /* NSNotification+extension.swift */; };
		C9A090622481FC730069D1EB /* TCACellHeaderBar.swift in Sources */ = {isa = PBXBuildFile; fileRef = C9A090612481FC730069D1EB /* TCACellHeaderBar.swift */; };
		C9B20C20244CA71100FDEA7D /* TCAChartCell.swift in Sources */ = {isa = PBXBuildFile; fileRef = C9B20C1F244CA71100FDEA7D /* TCAChartCell.swift */; };
		C9C1409D244CC0E1009A7052 /* TCASectionHeader.swift in Sources */ = {isa = PBXBuildFile; fileRef = C9C1409C244CC0E1009A7052 /* TCASectionHeader.swift */; };
		C9C4C9072459B01F00A9795F /* TCASession.swift in Sources */ = {isa = PBXBuildFile; fileRef = C9C4C9062459B01F00A9795F /* TCASession.swift */; };
		C9C4C9092459B11400A9795F /* TCAClimb.swift in Sources */ = {isa = PBXBuildFile; fileRef = C9C4C9082459B11400A9795F /* TCAClimb.swift */; };
		C9C4EF01247C716A00197E1A /* UITableViewController+Extension.swift in Sources */ = {isa = PBXBuildFile; fileRef = C9C4EF00247C716A00197E1A /* UITableViewController+Extension.swift */; };
		C9C682D92474405800D5DD0E /* NSCollectionLayoutSection+Extension.swift in Sources */ = {isa = PBXBuildFile; fileRef = C9C682D82474405800D5DD0E /* NSCollectionLayoutSection+Extension.swift */; };
		C9C7C9D623D36AF3004954D4 /* BarChartView.swift in Sources */ = {isa = PBXBuildFile; fileRef = C9C7C9D523D36AF3004954D4 /* BarChartView.swift */; };
		C9C909282454BA82002E9372 /* TCAButton.swift in Sources */ = {isa = PBXBuildFile; fileRef = C9C909272454BA82002E9372 /* TCAButton.swift */; };
		C9CB81CE242810D7003447AB /* StopwatchLabel.swift in Sources */ = {isa = PBXBuildFile; fileRef = C9CB81CD242810D7003447AB /* StopwatchLabel.swift */; };
		C9EF917B2481F40F000FE050 /* TCAStatisticsProblemsCell.swift in Sources */ = {isa = PBXBuildFile; fileRef = C9EF917A2481F40F000FE050 /* TCAStatisticsProblemsCell.swift */; };
		C9F55C60243E671E00C6D040 /* TCADashboardController.swift in Sources */ = {isa = PBXBuildFile; fileRef = C9F55C5F243E671E00C6D040 /* TCADashboardController.swift */; };
/* End PBXBuildFile section */

/* Begin PBXContainerItemProxy section */
		C974EE3F23D34C0E0041A767 /* PBXContainerItemProxy */ = {
			isa = PBXContainerItemProxy;
			containerPortal = C974EE1D23D34C0D0041A767 /* Project object */;
			proxyType = 1;
			remoteGlobalIDString = C974EE2423D34C0D0041A767;
			remoteInfo = ClimbingApp;
		};
		C974EE4A23D34C0E0041A767 /* PBXContainerItemProxy */ = {
			isa = PBXContainerItemProxy;
			containerPortal = C974EE1D23D34C0D0041A767 /* Project object */;
			proxyType = 1;
			remoteGlobalIDString = C974EE2423D34C0D0041A767;
			remoteInfo = ClimbingApp;
		};
/* End PBXContainerItemProxy section */

/* Begin PBXFileReference section */
		C90DA51F2484724900AA29C8 /* TCAPostalAddress.swift */ = {isa = PBXFileReference; lastKnownFileType = sourcecode.swift; path = TCAPostalAddress.swift; sourceTree = "<group>"; };
		C90DA5212484726700AA29C8 /* TCACoordinate.swift */ = {isa = PBXFileReference; lastKnownFileType = sourcecode.swift; path = TCACoordinate.swift; sourceTree = "<group>"; };
		C912B07D2475FCD70016F9F8 /* TCABannerCell.swift */ = {isa = PBXFileReference; lastKnownFileType = sourcecode.swift; path = TCABannerCell.swift; sourceTree = "<group>"; };
		C91331C723DB522400F47451 /* UIFont+Extension.swift */ = {isa = PBXFileReference; lastKnownFileType = sourcecode.swift; path = "UIFont+Extension.swift"; sourceTree = "<group>"; };
		C9152ADB23D75359002B9D5D /* LineChartView.swift */ = {isa = PBXFileReference; lastKnownFileType = sourcecode.swift; path = LineChartView.swift; sourceTree = "<group>"; };
		C915C838247C444A001AF030 /* TCASettingsThemeController.swift */ = {isa = PBXFileReference; lastKnownFileType = sourcecode.swift; path = TCASettingsThemeController.swift; sourceTree = "<group>"; };
		C915C83C247C45D2001AF030 /* TCASettingsGeneralController.swift */ = {isa = PBXFileReference; lastKnownFileType = sourcecode.swift; path = TCASettingsGeneralController.swift; sourceTree = "<group>"; };
		C915C83E247C563A001AF030 /* TCASettingsTipJarController.swift */ = {isa = PBXFileReference; lastKnownFileType = sourcecode.swift; path = TCASettingsTipJarController.swift; sourceTree = "<group>"; };
		C915C840247C5655001AF030 /* TCASettingsContactController.swift */ = {isa = PBXFileReference; lastKnownFileType = sourcecode.swift; path = TCASettingsContactController.swift; sourceTree = "<group>"; };
		C915C842247C566B001AF030 /* TCASettingsIconController.swift */ = {isa = PBXFileReference; lastKnownFileType = sourcecode.swift; path = TCASettingsIconController.swift; sourceTree = "<group>"; };
		C915C844247C567A001AF030 /* TCASettingsColorController.swift */ = {isa = PBXFileReference; lastKnownFileType = sourcecode.swift; path = TCASettingsColorController.swift; sourceTree = "<group>"; };
		C9339F4B247B28EE007A00F4 /* TCARootController.swift */ = {isa = PBXFileReference; lastKnownFileType = sourcecode.swift; path = TCARootController.swift; sourceTree = "<group>"; };
		C9339F4D247B2D24007A00F4 /* TCASessionsController.swift */ = {isa = PBXFileReference; lastKnownFileType = sourcecode.swift; path = TCASessionsController.swift; sourceTree = "<group>"; };
		C9339F50247B2D3B007A00F4 /* TCALocationsController.swift */ = {isa = PBXFileReference; lastKnownFileType = sourcecode.swift; path = TCALocationsController.swift; sourceTree = "<group>"; };
		C9339F52247B2D4B007A00F4 /* TCAStatisticsController.swift */ = {isa = PBXFileReference; lastKnownFileType = sourcecode.swift; path = TCAStatisticsController.swift; sourceTree = "<group>"; };
		C9339F54247B2D58007A00F4 /* TCASettingsController.swift */ = {isa = PBXFileReference; lastKnownFileType = sourcecode.swift; path = TCASettingsController.swift; sourceTree = "<group>"; };
		C94DBDCF24717BF000F91F22 /* TCADescriptiveButton.swift */ = {isa = PBXFileReference; lastKnownFileType = sourcecode.swift; path = TCADescriptiveButton.swift; sourceTree = "<group>"; };
		C94F135F245600030066020B /* SessionViewController.swift */ = {isa = PBXFileReference; lastKnownFileType = sourcecode.swift; path = SessionViewController.swift; sourceTree = "<group>"; };
		C95531A2247337C70066DAE1 /* TCAProtocols.swift */ = {isa = PBXFileReference; lastKnownFileType = sourcecode.swift; path = TCAProtocols.swift; sourceTree = "<group>"; };
		C95531A4247337DC0066DAE1 /* TCATypes.swift */ = {isa = PBXFileReference; lastKnownFileType = sourcecode.swift; path = TCATypes.swift; sourceTree = "<group>"; };
		C95531A624733FD40066DAE1 /* TCAEnumerations.swift */ = {isa = PBXFileReference; lastKnownFileType = sourcecode.swift; path = TCAEnumerations.swift; sourceTree = "<group>"; };
		C95531A9247340A00066DAE1 /* TCAConstants.swift */ = {isa = PBXFileReference; lastKnownFileType = sourcecode.swift; path = TCAConstants.swift; sourceTree = "<group>"; };
		C95531AB2473539C0066DAE1 /* TCALocationController.swift */ = {isa = PBXFileReference; lastKnownFileType = sourcecode.swift; path = TCALocationController.swift; sourceTree = "<group>"; };
		C95531AD247354130066DAE1 /* TCASessionController.swift */ = {isa = PBXFileReference; lastKnownFileType = sourcecode.swift; path = TCASessionController.swift; sourceTree = "<group>"; };
		C95531AF247354290066DAE1 /* TCAClimbController.swift */ = {isa = PBXFileReference; lastKnownFileType = sourcecode.swift; path = TCAClimbController.swift; sourceTree = "<group>"; };
		C964DBC1247219A5004DB8B0 /* TCALocation.swift */ = {isa = PBXFileReference; lastKnownFileType = sourcecode.swift; path = TCALocation.swift; sourceTree = "<group>"; };
		C964DBC52472D470004DB8B0 /* TCALocationCell.swift */ = {isa = PBXFileReference; lastKnownFileType = sourcecode.swift; path = TCALocationCell.swift; sourceTree = "<group>"; };
		C96B2FCF245B1AF3009CC0BD /* TCAAttempt.swift */ = {isa = PBXFileReference; lastKnownFileType = sourcecode.swift; path = TCAAttempt.swift; sourceTree = "<group>"; };
		C974EE2523D34C0D0041A767 /* Climb.app */ = {isa = PBXFileReference; explicitFileType = wrapper.application; includeInIndex = 0; path = Climb.app; sourceTree = BUILT_PRODUCTS_DIR; };
		C974EE2823D34C0D0041A767 /* AppDelegate.swift */ = {isa = PBXFileReference; lastKnownFileType = sourcecode.swift; path = AppDelegate.swift; sourceTree = "<group>"; };
		C974EE2A23D34C0D0041A767 /* SceneDelegate.swift */ = {isa = PBXFileReference; lastKnownFileType = sourcecode.swift; path = SceneDelegate.swift; sourceTree = "<group>"; };
		C974EE3223D34C0D0041A767 /* ClimbingApp.xcdatamodel */ = {isa = PBXFileReference; lastKnownFileType = wrapper.xcdatamodel; path = ClimbingApp.xcdatamodel; sourceTree = "<group>"; };
		C974EE3423D34C0E0041A767 /* Assets.xcassets */ = {isa = PBXFileReference; lastKnownFileType = folder.assetcatalog; path = Assets.xcassets; sourceTree = "<group>"; };
		C974EE3723D34C0E0041A767 /* Base */ = {isa = PBXFileReference; lastKnownFileType = file.storyboard; name = Base; path = Base.lproj/LaunchScreen.storyboard; sourceTree = "<group>"; };
		C974EE3923D34C0E0041A767 /* Info.plist */ = {isa = PBXFileReference; lastKnownFileType = text.plist.xml; path = Info.plist; sourceTree = "<group>"; };
		C974EE3E23D34C0E0041A767 /* ClimbingAppTests.xctest */ = {isa = PBXFileReference; explicitFileType = wrapper.cfbundle; includeInIndex = 0; path = ClimbingAppTests.xctest; sourceTree = BUILT_PRODUCTS_DIR; };
		C974EE4223D34C0E0041A767 /* ClimbingAppTests.swift */ = {isa = PBXFileReference; lastKnownFileType = sourcecode.swift; path = ClimbingAppTests.swift; sourceTree = "<group>"; };
		C974EE4423D34C0E0041A767 /* Info.plist */ = {isa = PBXFileReference; lastKnownFileType = text.plist.xml; path = Info.plist; sourceTree = "<group>"; };
		C974EE4923D34C0E0041A767 /* ClimbingAppUITests.xctest */ = {isa = PBXFileReference; explicitFileType = wrapper.cfbundle; includeInIndex = 0; path = ClimbingAppUITests.xctest; sourceTree = BUILT_PRODUCTS_DIR; };
		C974EE4D23D34C0E0041A767 /* ClimbingAppUITests.swift */ = {isa = PBXFileReference; lastKnownFileType = sourcecode.swift; path = ClimbingAppUITests.swift; sourceTree = "<group>"; };
		C974EE4F23D34C0E0041A767 /* Info.plist */ = {isa = PBXFileReference; lastKnownFileType = text.plist.xml; path = Info.plist; sourceTree = "<group>"; };
		C97B791E2434D6B400DE3F40 /* TCAButtonCell.swift */ = {isa = PBXFileReference; lastKnownFileType = sourcecode.swift; path = TCAButtonCell.swift; sourceTree = "<group>"; };
		C97B79202434D6C800DE3F40 /* TCADescriptiveButtonCell.swift */ = {isa = PBXFileReference; lastKnownFileType = sourcecode.swift; path = TCADescriptiveButtonCell.swift; sourceTree = "<group>"; };
		C97B7922243500A700DE3F40 /* TCACardCell.swift */ = {isa = PBXFileReference; lastKnownFileType = sourcecode.swift; path = TCACardCell.swift; sourceTree = "<group>"; };
		C98680C7242E98BB00BBF5A6 /* GradeSelectorController.swift */ = {isa = PBXFileReference; lastKnownFileType = sourcecode.swift; path = GradeSelectorController.swift; sourceTree = "<group>"; };
		C98680C9242EA23400BBF5A6 /* ClimbTypeSelectorController.swift */ = {isa = PBXFileReference; lastKnownFileType = sourcecode.swift; path = ClimbTypeSelectorController.swift; sourceTree = "<group>"; };
		C98680CB242FC6EC00BBF5A6 /* GradeSystemSelectorController.swift */ = {isa = PBXFileReference; lastKnownFileType = sourcecode.swift; path = GradeSystemSelectorController.swift; sourceTree = "<group>"; };
		C98680D924328B2900BBF5A6 /* UIView+Extension.swift */ = {isa = PBXFileReference; lastKnownFileType = sourcecode.swift; path = "UIView+Extension.swift"; sourceTree = "<group>"; };
		C990B9C3244DDCF9005FCCFD /* SetupSessionViewController.swift */ = {isa = PBXFileReference; lastKnownFileType = sourcecode.swift; path = SetupSessionViewController.swift; sourceTree = "<group>"; };
		C9944BC92421AF8E004EAEFE /* TCAUserData.swift */ = {isa = PBXFileReference; lastKnownFileType = sourcecode.swift; path = TCAUserData.swift; sourceTree = "<group>"; };
		C9953DDF247D96E7006528D5 /* NSNotification+extension.swift */ = {isa = PBXFileReference; lastKnownFileType = sourcecode.swift; path = "NSNotification+extension.swift"; sourceTree = "<group>"; };
		C9A090612481FC730069D1EB /* TCACellHeaderBar.swift */ = {isa = PBXFileReference; lastKnownFileType = sourcecode.swift; path = TCACellHeaderBar.swift; sourceTree = "<group>"; };
		C9B20C1F244CA71100FDEA7D /* TCAChartCell.swift */ = {isa = PBXFileReference; lastKnownFileType = sourcecode.swift; path = TCAChartCell.swift; sourceTree = "<group>"; };
		C9C1409C244CC0E1009A7052 /* TCASectionHeader.swift */ = {isa = PBXFileReference; lastKnownFileType = sourcecode.swift; path = TCASectionHeader.swift; sourceTree = "<group>"; };
		C9C4C9062459B01F00A9795F /* TCASession.swift */ = {isa = PBXFileReference; lastKnownFileType = sourcecode.swift; path = TCASession.swift; sourceTree = "<group>"; };
		C9C4C9082459B11400A9795F /* TCAClimb.swift */ = {isa = PBXFileReference; lastKnownFileType = sourcecode.swift; path = TCAClimb.swift; sourceTree = "<group>"; };
		C9C4EF00247C716A00197E1A /* UITableViewController+Extension.swift */ = {isa = PBXFileReference; lastKnownFileType = sourcecode.swift; path = "UITableViewController+Extension.swift"; sourceTree = "<group>"; };
		C9C682D82474405800D5DD0E /* NSCollectionLayoutSection+Extension.swift */ = {isa = PBXFileReference; lastKnownFileType = sourcecode.swift; path = "NSCollectionLayoutSection+Extension.swift"; sourceTree = "<group>"; };
		C9C7C9D523D36AF3004954D4 /* BarChartView.swift */ = {isa = PBXFileReference; lastKnownFileType = sourcecode.swift; path = BarChartView.swift; sourceTree = "<group>"; };
		C9C909272454BA82002E9372 /* TCAButton.swift */ = {isa = PBXFileReference; lastKnownFileType = sourcecode.swift; path = TCAButton.swift; sourceTree = "<group>"; };
		C9CB81CD242810D7003447AB /* StopwatchLabel.swift */ = {isa = PBXFileReference; lastKnownFileType = sourcecode.swift; path = StopwatchLabel.swift; sourceTree = "<group>"; };
		C9EF917A2481F40F000FE050 /* TCAStatisticsProblemsCell.swift */ = {isa = PBXFileReference; lastKnownFileType = sourcecode.swift; path = TCAStatisticsProblemsCell.swift; sourceTree = "<group>"; };
		C9F55C5F243E671E00C6D040 /* TCADashboardController.swift */ = {isa = PBXFileReference; lastKnownFileType = sourcecode.swift; path = TCADashboardController.swift; sourceTree = "<group>"; };
/* End PBXFileReference section */

/* Begin PBXFrameworksBuildPhase section */
		C974EE2223D34C0D0041A767 /* Frameworks */ = {
			isa = PBXFrameworksBuildPhase;
			buildActionMask = 2147483647;
			files = (
			);
			runOnlyForDeploymentPostprocessing = 0;
		};
		C974EE3B23D34C0E0041A767 /* Frameworks */ = {
			isa = PBXFrameworksBuildPhase;
			buildActionMask = 2147483647;
			files = (
			);
			runOnlyForDeploymentPostprocessing = 0;
		};
		C974EE4623D34C0E0041A767 /* Frameworks */ = {
			isa = PBXFrameworksBuildPhase;
			buildActionMask = 2147483647;
			files = (
			);
			runOnlyForDeploymentPostprocessing = 0;
		};
/* End PBXFrameworksBuildPhase section */

/* Begin PBXGroup section */
		C90DA52324849CD700AA29C8 /* Highly Reused Custom UI Elements */ = {
			isa = PBXGroup;
			children = (
				C9C909272454BA82002E9372 /* TCAButton.swift */,
				C97B791E2434D6B400DE3F40 /* TCAButtonCell.swift */,
				C94DBDCF24717BF000F91F22 /* TCADescriptiveButton.swift */,
				C97B79202434D6C800DE3F40 /* TCADescriptiveButtonCell.swift */,
				C9A090612481FC730069D1EB /* TCACellHeaderBar.swift */,
				C9C1409C244CC0E1009A7052 /* TCASectionHeader.swift */,
				C9C7C9D523D36AF3004954D4 /* BarChartView.swift */,
				C9152ADB23D75359002B9D5D /* LineChartView.swift */,
			);
			path = "Highly Reused Custom UI Elements";
			sourceTree = "<group>";
		};
		C915C837247C4422001AF030 /* Settings */ = {
			isa = PBXGroup;
			children = (
				C9339F54247B2D58007A00F4 /* TCASettingsController.swift */,
				C915C83C247C45D2001AF030 /* TCASettingsGeneralController.swift */,
				C915C842247C566B001AF030 /* TCASettingsIconController.swift */,
				C915C844247C567A001AF030 /* TCASettingsColorController.swift */,
				C915C838247C444A001AF030 /* TCASettingsThemeController.swift */,
				C915C840247C5655001AF030 /* TCASettingsContactController.swift */,
				C915C83E247C563A001AF030 /* TCASettingsTipJarController.swift */,
			);
			path = Settings;
			sourceTree = "<group>";
		};
		C9339F4F247B2D28007A00F4 /* Tabs */ = {
			isa = PBXGroup;
			children = (
				C9339F4B247B28EE007A00F4 /* TCARootController.swift */,
				C9339F4D247B2D24007A00F4 /* TCASessionsController.swift */,
				C9339F50247B2D3B007A00F4 /* TCALocationsController.swift */,
				C9EF91772481EF58000FE050 /* Statistics */,
				C915C837247C4422001AF030 /* Settings */,
			);
			path = Tabs;
			sourceTree = "<group>";
		};
		C94DBDD5247188F800F91F22 /* Controllers */ = {
			isa = PBXGroup;
			children = (
				C95531AB2473539C0066DAE1 /* TCALocationController.swift */,
				C95531AD247354130066DAE1 /* TCASessionController.swift */,
				C95531AF247354290066DAE1 /* TCAClimbController.swift */,
				C9339F4F247B2D28007A00F4 /* Tabs */,
			);
			path = Controllers;
			sourceTree = "<group>";
		};
		C95030F723D7C48B00EE7998 /* Extensions */ = {
			isa = PBXGroup;
			children = (
				C91331C723DB522400F47451 /* UIFont+Extension.swift */,
				C9C4EF00247C716A00197E1A /* UITableViewController+Extension.swift */,
				C9C682D82474405800D5DD0E /* NSCollectionLayoutSection+Extension.swift */,
				C98680D924328B2900BBF5A6 /* UIView+Extension.swift */,
				C9953DDF247D96E7006528D5 /* NSNotification+extension.swift */,
			);
			path = Extensions;
			sourceTree = "<group>";
		};
		C95531A1247335CB0066DAE1 /* Global */ = {
			isa = PBXGroup;
			children = (
				C95531A2247337C70066DAE1 /* TCAProtocols.swift */,
				C95531A4247337DC0066DAE1 /* TCATypes.swift */,
				C95531A9247340A00066DAE1 /* TCAConstants.swift */,
				C95531A624733FD40066DAE1 /* TCAEnumerations.swift */,
			);
			path = Global;
			sourceTree = "<group>";
		};
		C96A25DC2471A1FB003A5EB4 /* Not Used Yet */ = {
			isa = PBXGroup;
			children = (
				C9CB81CD242810D7003447AB /* StopwatchLabel.swift */,
				C98680CB242FC6EC00BBF5A6 /* GradeSystemSelectorController.swift */,
				C98680C7242E98BB00BBF5A6 /* GradeSelectorController.swift */,
				C98680C9242EA23400BBF5A6 /* ClimbTypeSelectorController.swift */,
			);
			path = "Not Used Yet";
			sourceTree = "<group>";
		};
		C974EE1C23D34C0D0041A767 = {
			isa = PBXGroup;
			children = (
				C974EE2723D34C0D0041A767 /* ClimbingApp */,
				C974EE4123D34C0E0041A767 /* ClimbingAppTests */,
				C974EE4C23D34C0E0041A767 /* ClimbingAppUITests */,
				C974EE2623D34C0D0041A767 /* Products */,
			);
			sourceTree = "<group>";
		};
		C974EE2623D34C0D0041A767 /* Products */ = {
			isa = PBXGroup;
			children = (
				C974EE2523D34C0D0041A767 /* Climb.app */,
				C974EE3E23D34C0E0041A767 /* ClimbingAppTests.xctest */,
				C974EE4923D34C0E0041A767 /* ClimbingAppUITests.xctest */,
			);
			name = Products;
			sourceTree = "<group>";
		};
		C974EE2723D34C0D0041A767 /* ClimbingApp */ = {
			isa = PBXGroup;
			children = (
				C95531A1247335CB0066DAE1 /* Global */,
				C95030F723D7C48B00EE7998 /* Extensions */,
				C90DA52324849CD700AA29C8 /* Highly Reused Custom UI Elements */,
				C9C4C9052459B00B00A9795F /* Data & Models */,
				C94DBDD5247188F800F91F22 /* Controllers */,
				C9FA49922484A33000B5CE79 /* OLD */,
				C96A25DC2471A1FB003A5EB4 /* Not Used Yet */,
				C974EE2823D34C0D0041A767 /* AppDelegate.swift */,
				C974EE2A23D34C0D0041A767 /* SceneDelegate.swift */,
				C974EE3423D34C0E0041A767 /* Assets.xcassets */,
				C974EE3623D34C0E0041A767 /* LaunchScreen.storyboard */,
				C974EE3923D34C0E0041A767 /* Info.plist */,
				C974EE3123D34C0D0041A767 /* ClimbingApp.xcdatamodeld */,
			);
			path = ClimbingApp;
			sourceTree = "<group>";
		};
		C974EE4123D34C0E0041A767 /* ClimbingAppTests */ = {
			isa = PBXGroup;
			children = (
				C974EE4223D34C0E0041A767 /* ClimbingAppTests.swift */,
				C974EE4423D34C0E0041A767 /* Info.plist */,
			);
			path = ClimbingAppTests;
			sourceTree = "<group>";
		};
		C974EE4C23D34C0E0041A767 /* ClimbingAppUITests */ = {
			isa = PBXGroup;
			children = (
				C974EE4D23D34C0E0041A767 /* ClimbingAppUITests.swift */,
				C974EE4F23D34C0E0041A767 /* Info.plist */,
			);
			path = ClimbingAppUITests;
			sourceTree = "<group>";
		};
		C9C4C9052459B00B00A9795F /* Data & Models */ = {
			isa = PBXGroup;
			children = (
				C9944BC92421AF8E004EAEFE /* TCAUserData.swift */,
				C96B2FCF245B1AF3009CC0BD /* TCAAttempt.swift */,
				C9C4C9062459B01F00A9795F /* TCASession.swift */,
				C9C4C9082459B11400A9795F /* TCAClimb.swift */,
				C90DA51F2484724900AA29C8 /* TCAPostalAddress.swift */,
				C964DBC1247219A5004DB8B0 /* TCALocation.swift */,
				C90DA5212484726700AA29C8 /* TCACoordinate.swift */,
			);
			path = "Data & Models";
			sourceTree = "<group>";
		};
		C9EF91772481EF58000FE050 /* Statistics */ = {
			isa = PBXGroup;
			children = (
				C9339F52247B2D4B007A00F4 /* TCAStatisticsController.swift */,
				C9EF917A2481F40F000FE050 /* TCAStatisticsProblemsCell.swift */,
			);
			path = Statistics;
			sourceTree = "<group>";
		};
		C9FA49922484A33000B5CE79 /* OLD */ = {
			isa = PBXGroup;
			children = (
				C912B07D2475FCD70016F9F8 /* TCABannerCell.swift */,
				C97B7922243500A700DE3F40 /* TCACardCell.swift */,
				C9B20C1F244CA71100FDEA7D /* TCAChartCell.swift */,
				C964DBC52472D470004DB8B0 /* TCALocationCell.swift */,
				C9F55C5F243E671E00C6D040 /* TCADashboardController.swift */,
				C990B9C3244DDCF9005FCCFD /* SetupSessionViewController.swift */,
				C94F135F245600030066020B /* SessionViewController.swift */,
			);
			path = OLD;
			sourceTree = "<group>";
		};
/* End PBXGroup section */

/* Begin PBXNativeTarget section */
		C974EE2423D34C0D0041A767 /* ClimbingApp */ = {
			isa = PBXNativeTarget;
			buildConfigurationList = C974EE5223D34C0E0041A767 /* Build configuration list for PBXNativeTarget "ClimbingApp" */;
			buildPhases = (
				C974EE2123D34C0D0041A767 /* Sources */,
				C974EE2223D34C0D0041A767 /* Frameworks */,
				C974EE2323D34C0D0041A767 /* Resources */,
			);
			buildRules = (
			);
			dependencies = (
			);
			name = ClimbingApp;
			packageProductDependencies = (
			);
			productName = ClimbingApp;
			productReference = C974EE2523D34C0D0041A767 /* Climb.app */;
			productType = "com.apple.product-type.application";
		};
		C974EE3D23D34C0E0041A767 /* ClimbingAppTests */ = {
			isa = PBXNativeTarget;
			buildConfigurationList = C974EE5523D34C0E0041A767 /* Build configuration list for PBXNativeTarget "ClimbingAppTests" */;
			buildPhases = (
				C974EE3A23D34C0E0041A767 /* Sources */,
				C974EE3B23D34C0E0041A767 /* Frameworks */,
				C974EE3C23D34C0E0041A767 /* Resources */,
			);
			buildRules = (
			);
			dependencies = (
				C974EE4023D34C0E0041A767 /* PBXTargetDependency */,
			);
			name = ClimbingAppTests;
			productName = ClimbingAppTests;
			productReference = C974EE3E23D34C0E0041A767 /* ClimbingAppTests.xctest */;
			productType = "com.apple.product-type.bundle.unit-test";
		};
		C974EE4823D34C0E0041A767 /* ClimbingAppUITests */ = {
			isa = PBXNativeTarget;
			buildConfigurationList = C974EE5823D34C0E0041A767 /* Build configuration list for PBXNativeTarget "ClimbingAppUITests" */;
			buildPhases = (
				C974EE4523D34C0E0041A767 /* Sources */,
				C974EE4623D34C0E0041A767 /* Frameworks */,
				C974EE4723D34C0E0041A767 /* Resources */,
			);
			buildRules = (
			);
			dependencies = (
				C974EE4B23D34C0E0041A767 /* PBXTargetDependency */,
			);
			name = ClimbingAppUITests;
			productName = ClimbingAppUITests;
			productReference = C974EE4923D34C0E0041A767 /* ClimbingAppUITests.xctest */;
			productType = "com.apple.product-type.bundle.ui-testing";
		};
/* End PBXNativeTarget section */

/* Begin PBXProject section */
		C974EE1D23D34C0D0041A767 /* Project object */ = {
			isa = PBXProject;
			attributes = {
				LastSwiftUpdateCheck = 1130;
				LastUpgradeCheck = 1130;
				ORGANIZATIONNAME = "Matt Marks";
				TargetAttributes = {
					C974EE2423D34C0D0041A767 = {
						CreatedOnToolsVersion = 11.3.1;
					};
					C974EE3D23D34C0E0041A767 = {
						CreatedOnToolsVersion = 11.3.1;
						TestTargetID = C974EE2423D34C0D0041A767;
					};
					C974EE4823D34C0E0041A767 = {
						CreatedOnToolsVersion = 11.3.1;
						TestTargetID = C974EE2423D34C0D0041A767;
					};
				};
			};
			buildConfigurationList = C974EE2023D34C0D0041A767 /* Build configuration list for PBXProject "ClimbingApp" */;
			compatibilityVersion = "Xcode 9.3";
			developmentRegion = en;
			hasScannedForEncodings = 0;
			knownRegions = (
				en,
				Base,
			);
			mainGroup = C974EE1C23D34C0D0041A767;
			packageReferences = (
				C9BB48362422B8A100761674 /* XCRemoteSwiftPackageReference "CareKit" */,
			);
			productRefGroup = C974EE2623D34C0D0041A767 /* Products */;
			projectDirPath = "";
			projectRoot = "";
			targets = (
				C974EE2423D34C0D0041A767 /* ClimbingApp */,
				C974EE3D23D34C0E0041A767 /* ClimbingAppTests */,
				C974EE4823D34C0E0041A767 /* ClimbingAppUITests */,
			);
		};
/* End PBXProject section */

/* Begin PBXResourcesBuildPhase section */
		C974EE2323D34C0D0041A767 /* Resources */ = {
			isa = PBXResourcesBuildPhase;
			buildActionMask = 2147483647;
			files = (
				C974EE3823D34C0E0041A767 /* LaunchScreen.storyboard in Resources */,
				C974EE3523D34C0E0041A767 /* Assets.xcassets in Resources */,
			);
			runOnlyForDeploymentPostprocessing = 0;
		};
		C974EE3C23D34C0E0041A767 /* Resources */ = {
			isa = PBXResourcesBuildPhase;
			buildActionMask = 2147483647;
			files = (
			);
			runOnlyForDeploymentPostprocessing = 0;
		};
		C974EE4723D34C0E0041A767 /* Resources */ = {
			isa = PBXResourcesBuildPhase;
			buildActionMask = 2147483647;
			files = (
			);
			runOnlyForDeploymentPostprocessing = 0;
		};
/* End PBXResourcesBuildPhase section */

/* Begin PBXSourcesBuildPhase section */
		C974EE2123D34C0D0041A767 /* Sources */ = {
			isa = PBXSourcesBuildPhase;
			buildActionMask = 2147483647;
			files = (
				C9953DE0247D96E7006528D5 /* NSNotification+extension.swift in Sources */,
				C915C843247C566B001AF030 /* TCASettingsIconController.swift in Sources */,
				C95531B0247354290066DAE1 /* TCAClimbController.swift in Sources */,
				C9339F4E247B2D24007A00F4 /* TCASessionsController.swift in Sources */,
				C9944BCA2421AF8E004EAEFE /* TCAUserData.swift in Sources */,
				C974EE2923D34C0D0041A767 /* AppDelegate.swift in Sources */,
				C90DA5202484724900AA29C8 /* TCAPostalAddress.swift in Sources */,
				C94DBDD024717BF000F91F22 /* TCADescriptiveButton.swift in Sources */,
				C95531A5247337DC0066DAE1 /* TCATypes.swift in Sources */,
				C9C909282454BA82002E9372 /* TCAButton.swift in Sources */,
				C9C4C9072459B01F00A9795F /* TCASession.swift in Sources */,
				C964DBC62472D470004DB8B0 /* TCALocationCell.swift in Sources */,
				C9F55C60243E671E00C6D040 /* TCADashboardController.swift in Sources */,
				C9C4EF01247C716A00197E1A /* UITableViewController+Extension.swift in Sources */,
				C95531A3247337C70066DAE1 /* TCAProtocols.swift in Sources */,
				C95531A724733FD40066DAE1 /* TCAEnumerations.swift in Sources */,
				C98680CC242FC6EC00BBF5A6 /* GradeSystemSelectorController.swift in Sources */,
				C9C682D92474405800D5DD0E /* NSCollectionLayoutSection+Extension.swift in Sources */,
				C964DBC2247219A5004DB8B0 /* TCALocation.swift in Sources */,
				C974EE3323D34C0D0041A767 /* ClimbingApp.xcdatamodeld in Sources */,
				C9C4C9092459B11400A9795F /* TCAClimb.swift in Sources */,
				C990B9C4244DDCF9005FCCFD /* SetupSessionViewController.swift in Sources */,
				C9EF917B2481F40F000FE050 /* TCAStatisticsProblemsCell.swift in Sources */,
				C98680DA24328B2900BBF5A6 /* UIView+Extension.swift in Sources */,
				C915C83D247C45D2001AF030 /* TCASettingsGeneralController.swift in Sources */,
				C94F1360245600030066020B /* SessionViewController.swift in Sources */,
				C95531AE247354130066DAE1 /* TCASessionController.swift in Sources */,
				C974EE2B23D34C0D0041A767 /* SceneDelegate.swift in Sources */,
				C90DA5222484726700AA29C8 /* TCACoordinate.swift in Sources */,
				C9A090622481FC730069D1EB /* TCACellHeaderBar.swift in Sources */,
				C91331C823DB522400F47451 /* UIFont+Extension.swift in Sources */,
				C98680C8242E98BB00BBF5A6 /* GradeSelectorController.swift in Sources */,
				C97B7923243500A700DE3F40 /* TCACardCell.swift in Sources */,
				C95531AA247340A00066DAE1 /* TCAConstants.swift in Sources */,
				C915C839247C444A001AF030 /* TCASettingsThemeController.swift in Sources */,
				C9B20C20244CA71100FDEA7D /* TCAChartCell.swift in Sources */,
				C96B2FD0245B1AF3009CC0BD /* TCAAttempt.swift in Sources */,
				C98680CA242EA23400BBF5A6 /* ClimbTypeSelectorController.swift in Sources */,
				C9339F53247B2D4B007A00F4 /* TCAStatisticsController.swift in Sources */,
				C9CB81CE242810D7003447AB /* StopwatchLabel.swift in Sources */,
				C9C7C9D623D36AF3004954D4 /* BarChartView.swift in Sources */,
				C915C845247C567A001AF030 /* TCASettingsColorController.swift in Sources */,
				C97B79212434D6C800DE3F40 /* TCADescriptiveButtonCell.swift in Sources */,
				C9339F4C247B28EE007A00F4 /* TCARootController.swift in Sources */,
				C9152ADC23D75359002B9D5D /* LineChartView.swift in Sources */,
				C9C1409D244CC0E1009A7052 /* TCASectionHeader.swift in Sources */,
				C95531AC2473539C0066DAE1 /* TCALocationController.swift in Sources */,
				C912B07E2475FCD70016F9F8 /* TCABannerCell.swift in Sources */,
				C9339F51247B2D3B007A00F4 /* TCALocationsController.swift in Sources */,
				C9339F55247B2D58007A00F4 /* TCASettingsController.swift in Sources */,
				C915C83F247C563A001AF030 /* TCASettingsTipJarController.swift in Sources */,
				C97B791F2434D6B400DE3F40 /* TCAButtonCell.swift in Sources */,
				C915C841247C5655001AF030 /* TCASettingsContactController.swift in Sources */,
			);
			runOnlyForDeploymentPostprocessing = 0;
		};
		C974EE3A23D34C0E0041A767 /* Sources */ = {
			isa = PBXSourcesBuildPhase;
			buildActionMask = 2147483647;
			files = (
				C974EE4323D34C0E0041A767 /* ClimbingAppTests.swift in Sources */,
			);
			runOnlyForDeploymentPostprocessing = 0;
		};
		C974EE4523D34C0E0041A767 /* Sources */ = {
			isa = PBXSourcesBuildPhase;
			buildActionMask = 2147483647;
			files = (
				C974EE4E23D34C0E0041A767 /* ClimbingAppUITests.swift in Sources */,
			);
			runOnlyForDeploymentPostprocessing = 0;
		};
/* End PBXSourcesBuildPhase section */

/* Begin PBXTargetDependency section */
		C974EE4023D34C0E0041A767 /* PBXTargetDependency */ = {
			isa = PBXTargetDependency;
			target = C974EE2423D34C0D0041A767 /* ClimbingApp */;
			targetProxy = C974EE3F23D34C0E0041A767 /* PBXContainerItemProxy */;
		};
		C974EE4B23D34C0E0041A767 /* PBXTargetDependency */ = {
			isa = PBXTargetDependency;
			target = C974EE2423D34C0D0041A767 /* ClimbingApp */;
			targetProxy = C974EE4A23D34C0E0041A767 /* PBXContainerItemProxy */;
		};
/* End PBXTargetDependency section */

/* Begin PBXVariantGroup section */
		C974EE3623D34C0E0041A767 /* LaunchScreen.storyboard */ = {
			isa = PBXVariantGroup;
			children = (
				C974EE3723D34C0E0041A767 /* Base */,
			);
			name = LaunchScreen.storyboard;
			sourceTree = "<group>";
		};
/* End PBXVariantGroup section */

/* Begin XCBuildConfiguration section */
		C974EE5023D34C0E0041A767 /* Debug */ = {
			isa = XCBuildConfiguration;
			buildSettings = {
				ALWAYS_SEARCH_USER_PATHS = NO;
				CLANG_ANALYZER_NONNULL = YES;
				CLANG_ANALYZER_NUMBER_OBJECT_CONVERSION = YES_AGGRESSIVE;
				CLANG_CXX_LANGUAGE_STANDARD = "gnu++14";
				CLANG_CXX_LIBRARY = "libc++";
				CLANG_ENABLE_MODULES = YES;
				CLANG_ENABLE_OBJC_ARC = YES;
				CLANG_ENABLE_OBJC_WEAK = YES;
				CLANG_WARN_BLOCK_CAPTURE_AUTORELEASING = YES;
				CLANG_WARN_BOOL_CONVERSION = YES;
				CLANG_WARN_COMMA = YES;
				CLANG_WARN_CONSTANT_CONVERSION = YES;
				CLANG_WARN_DEPRECATED_OBJC_IMPLEMENTATIONS = YES;
				CLANG_WARN_DIRECT_OBJC_ISA_USAGE = YES_ERROR;
				CLANG_WARN_DOCUMENTATION_COMMENTS = YES;
				CLANG_WARN_EMPTY_BODY = YES;
				CLANG_WARN_ENUM_CONVERSION = YES;
				CLANG_WARN_INFINITE_RECURSION = YES;
				CLANG_WARN_INT_CONVERSION = YES;
				CLANG_WARN_NON_LITERAL_NULL_CONVERSION = YES;
				CLANG_WARN_OBJC_IMPLICIT_RETAIN_SELF = YES;
				CLANG_WARN_OBJC_LITERAL_CONVERSION = YES;
				CLANG_WARN_OBJC_ROOT_CLASS = YES_ERROR;
				CLANG_WARN_RANGE_LOOP_ANALYSIS = YES;
				CLANG_WARN_STRICT_PROTOTYPES = YES;
				CLANG_WARN_SUSPICIOUS_MOVE = YES;
				CLANG_WARN_UNGUARDED_AVAILABILITY = YES_AGGRESSIVE;
				CLANG_WARN_UNREACHABLE_CODE = YES;
				CLANG_WARN__DUPLICATE_METHOD_MATCH = YES;
				COPY_PHASE_STRIP = NO;
				DEBUG_INFORMATION_FORMAT = dwarf;
				ENABLE_STRICT_OBJC_MSGSEND = YES;
				ENABLE_TESTABILITY = YES;
				GCC_C_LANGUAGE_STANDARD = gnu11;
				GCC_DYNAMIC_NO_PIC = NO;
				GCC_NO_COMMON_BLOCKS = YES;
				GCC_OPTIMIZATION_LEVEL = 0;
				GCC_PREPROCESSOR_DEFINITIONS = (
					"DEBUG=1",
					"$(inherited)",
				);
				GCC_WARN_64_TO_32_BIT_CONVERSION = YES;
				GCC_WARN_ABOUT_RETURN_TYPE = YES_ERROR;
				GCC_WARN_UNDECLARED_SELECTOR = YES;
				GCC_WARN_UNINITIALIZED_AUTOS = YES_AGGRESSIVE;
				GCC_WARN_UNUSED_FUNCTION = YES;
				GCC_WARN_UNUSED_VARIABLE = YES;
				IPHONEOS_DEPLOYMENT_TARGET = 13.2;
				MTL_ENABLE_DEBUG_INFO = INCLUDE_SOURCE;
				MTL_FAST_MATH = YES;
				ONLY_ACTIVE_ARCH = YES;
				SDKROOT = iphoneos;
				SWIFT_ACTIVE_COMPILATION_CONDITIONS = DEBUG;
				SWIFT_OPTIMIZATION_LEVEL = "-Onone";
			};
			name = Debug;
		};
		C974EE5123D34C0E0041A767 /* Release */ = {
			isa = XCBuildConfiguration;
			buildSettings = {
				ALWAYS_SEARCH_USER_PATHS = NO;
				CLANG_ANALYZER_NONNULL = YES;
				CLANG_ANALYZER_NUMBER_OBJECT_CONVERSION = YES_AGGRESSIVE;
				CLANG_CXX_LANGUAGE_STANDARD = "gnu++14";
				CLANG_CXX_LIBRARY = "libc++";
				CLANG_ENABLE_MODULES = YES;
				CLANG_ENABLE_OBJC_ARC = YES;
				CLANG_ENABLE_OBJC_WEAK = YES;
				CLANG_WARN_BLOCK_CAPTURE_AUTORELEASING = YES;
				CLANG_WARN_BOOL_CONVERSION = YES;
				CLANG_WARN_COMMA = YES;
				CLANG_WARN_CONSTANT_CONVERSION = YES;
				CLANG_WARN_DEPRECATED_OBJC_IMPLEMENTATIONS = YES;
				CLANG_WARN_DIRECT_OBJC_ISA_USAGE = YES_ERROR;
				CLANG_WARN_DOCUMENTATION_COMMENTS = YES;
				CLANG_WARN_EMPTY_BODY = YES;
				CLANG_WARN_ENUM_CONVERSION = YES;
				CLANG_WARN_INFINITE_RECURSION = YES;
				CLANG_WARN_INT_CONVERSION = YES;
				CLANG_WARN_NON_LITERAL_NULL_CONVERSION = YES;
				CLANG_WARN_OBJC_IMPLICIT_RETAIN_SELF = YES;
				CLANG_WARN_OBJC_LITERAL_CONVERSION = YES;
				CLANG_WARN_OBJC_ROOT_CLASS = YES_ERROR;
				CLANG_WARN_RANGE_LOOP_ANALYSIS = YES;
				CLANG_WARN_STRICT_PROTOTYPES = YES;
				CLANG_WARN_SUSPICIOUS_MOVE = YES;
				CLANG_WARN_UNGUARDED_AVAILABILITY = YES_AGGRESSIVE;
				CLANG_WARN_UNREACHABLE_CODE = YES;
				CLANG_WARN__DUPLICATE_METHOD_MATCH = YES;
				COPY_PHASE_STRIP = NO;
				DEBUG_INFORMATION_FORMAT = "dwarf-with-dsym";
				ENABLE_NS_ASSERTIONS = NO;
				ENABLE_STRICT_OBJC_MSGSEND = YES;
				GCC_C_LANGUAGE_STANDARD = gnu11;
				GCC_NO_COMMON_BLOCKS = YES;
				GCC_WARN_64_TO_32_BIT_CONVERSION = YES;
				GCC_WARN_ABOUT_RETURN_TYPE = YES_ERROR;
				GCC_WARN_UNDECLARED_SELECTOR = YES;
				GCC_WARN_UNINITIALIZED_AUTOS = YES_AGGRESSIVE;
				GCC_WARN_UNUSED_FUNCTION = YES;
				GCC_WARN_UNUSED_VARIABLE = YES;
				IPHONEOS_DEPLOYMENT_TARGET = 13.2;
				MTL_ENABLE_DEBUG_INFO = NO;
				MTL_FAST_MATH = YES;
				SDKROOT = iphoneos;
				SWIFT_COMPILATION_MODE = wholemodule;
				SWIFT_OPTIMIZATION_LEVEL = "-O";
				VALIDATE_PRODUCT = YES;
			};
			name = Release;
		};
		C974EE5323D34C0E0041A767 /* Debug */ = {
			isa = XCBuildConfiguration;
			buildSettings = {
				ASSETCATALOG_COMPILER_APPICON_NAME = AppIcon;
				CODE_SIGN_STYLE = Automatic;
				DEVELOPMENT_TEAM = G469XPXR7F;
				INFOPLIST_FILE = ClimbingApp/Info.plist;
				LD_RUNPATH_SEARCH_PATHS = (
					"$(inherited)",
					"@executable_path/Frameworks",
				);
				PRODUCT_BUNDLE_IDENTIFIER = Nanotube.ClimbingApp;
				PRODUCT_NAME = Climb;
				SWIFT_VERSION = 5.0;
				TARGETED_DEVICE_FAMILY = "1,2";
			};
			name = Debug;
		};
		C974EE5423D34C0E0041A767 /* Release */ = {
			isa = XCBuildConfiguration;
			buildSettings = {
				ASSETCATALOG_COMPILER_APPICON_NAME = AppIcon;
				CODE_SIGN_STYLE = Automatic;
				DEVELOPMENT_TEAM = G469XPXR7F;
				INFOPLIST_FILE = ClimbingApp/Info.plist;
				LD_RUNPATH_SEARCH_PATHS = (
					"$(inherited)",
					"@executable_path/Frameworks",
				);
				PRODUCT_BUNDLE_IDENTIFIER = Nanotube.ClimbingApp;
				PRODUCT_NAME = Climb;
				SWIFT_VERSION = 5.0;
				TARGETED_DEVICE_FAMILY = "1,2";
			};
			name = Release;
		};
		C974EE5623D34C0E0041A767 /* Debug */ = {
			isa = XCBuildConfiguration;
			buildSettings = {
				ALWAYS_EMBED_SWIFT_STANDARD_LIBRARIES = YES;
				BUNDLE_LOADER = "$(TEST_HOST)";
				CODE_SIGN_STYLE = Automatic;
				DEVELOPMENT_TEAM = G469XPXR7F;
				INFOPLIST_FILE = ClimbingAppTests/Info.plist;
				IPHONEOS_DEPLOYMENT_TARGET = 13.2;
				LD_RUNPATH_SEARCH_PATHS = (
					"$(inherited)",
					"@executable_path/Frameworks",
					"@loader_path/Frameworks",
				);
				PRODUCT_BUNDLE_IDENTIFIER = Nanotube.ClimbingAppTests;
				PRODUCT_NAME = "$(TARGET_NAME)";
				SWIFT_VERSION = 5.0;
				TARGETED_DEVICE_FAMILY = "1,2";
				TEST_HOST = "$(BUILT_PRODUCTS_DIR)/ClimbingApp.app/ClimbingApp";
			};
			name = Debug;
		};
		C974EE5723D34C0E0041A767 /* Release */ = {
			isa = XCBuildConfiguration;
			buildSettings = {
				ALWAYS_EMBED_SWIFT_STANDARD_LIBRARIES = YES;
				BUNDLE_LOADER = "$(TEST_HOST)";
				CODE_SIGN_STYLE = Automatic;
				DEVELOPMENT_TEAM = G469XPXR7F;
				INFOPLIST_FILE = ClimbingAppTests/Info.plist;
				IPHONEOS_DEPLOYMENT_TARGET = 13.2;
				LD_RUNPATH_SEARCH_PATHS = (
					"$(inherited)",
					"@executable_path/Frameworks",
					"@loader_path/Frameworks",
				);
				PRODUCT_BUNDLE_IDENTIFIER = Nanotube.ClimbingAppTests;
				PRODUCT_NAME = "$(TARGET_NAME)";
				SWIFT_VERSION = 5.0;
				TARGETED_DEVICE_FAMILY = "1,2";
				TEST_HOST = "$(BUILT_PRODUCTS_DIR)/ClimbingApp.app/ClimbingApp";
			};
			name = Release;
		};
		C974EE5923D34C0E0041A767 /* Debug */ = {
			isa = XCBuildConfiguration;
			buildSettings = {
				ALWAYS_EMBED_SWIFT_STANDARD_LIBRARIES = YES;
				CODE_SIGN_STYLE = Automatic;
				DEVELOPMENT_TEAM = G469XPXR7F;
				INFOPLIST_FILE = ClimbingAppUITests/Info.plist;
				LD_RUNPATH_SEARCH_PATHS = (
					"$(inherited)",
					"@executable_path/Frameworks",
					"@loader_path/Frameworks",
				);
				PRODUCT_BUNDLE_IDENTIFIER = Nanotube.ClimbingAppUITests;
				PRODUCT_NAME = "$(TARGET_NAME)";
				SWIFT_VERSION = 5.0;
				TARGETED_DEVICE_FAMILY = "1,2";
				TEST_TARGET_NAME = ClimbingApp;
			};
			name = Debug;
		};
		C974EE5A23D34C0E0041A767 /* Release */ = {
			isa = XCBuildConfiguration;
			buildSettings = {
				ALWAYS_EMBED_SWIFT_STANDARD_LIBRARIES = YES;
				CODE_SIGN_STYLE = Automatic;
				DEVELOPMENT_TEAM = G469XPXR7F;
				INFOPLIST_FILE = ClimbingAppUITests/Info.plist;
				LD_RUNPATH_SEARCH_PATHS = (
					"$(inherited)",
					"@executable_path/Frameworks",
					"@loader_path/Frameworks",
				);
				PRODUCT_BUNDLE_IDENTIFIER = Nanotube.ClimbingAppUITests;
				PRODUCT_NAME = "$(TARGET_NAME)";
				SWIFT_VERSION = 5.0;
				TARGETED_DEVICE_FAMILY = "1,2";
				TEST_TARGET_NAME = ClimbingApp;
			};
			name = Release;
		};
/* End XCBuildConfiguration section */

/* Begin XCConfigurationList section */
		C974EE2023D34C0D0041A767 /* Build configuration list for PBXProject "ClimbingApp" */ = {
			isa = XCConfigurationList;
			buildConfigurations = (
				C974EE5023D34C0E0041A767 /* Debug */,
				C974EE5123D34C0E0041A767 /* Release */,
			);
			defaultConfigurationIsVisible = 0;
			defaultConfigurationName = Release;
		};
		C974EE5223D34C0E0041A767 /* Build configuration list for PBXNativeTarget "ClimbingApp" */ = {
			isa = XCConfigurationList;
			buildConfigurations = (
				C974EE5323D34C0E0041A767 /* Debug */,
				C974EE5423D34C0E0041A767 /* Release */,
			);
			defaultConfigurationIsVisible = 0;
			defaultConfigurationName = Release;
		};
		C974EE5523D34C0E0041A767 /* Build configuration list for PBXNativeTarget "ClimbingAppTests" */ = {
			isa = XCConfigurationList;
			buildConfigurations = (
				C974EE5623D34C0E0041A767 /* Debug */,
				C974EE5723D34C0E0041A767 /* Release */,
			);
			defaultConfigurationIsVisible = 0;
			defaultConfigurationName = Release;
		};
		C974EE5823D34C0E0041A767 /* Build configuration list for PBXNativeTarget "ClimbingAppUITests" */ = {
			isa = XCConfigurationList;
			buildConfigurations = (
				C974EE5923D34C0E0041A767 /* Debug */,
				C974EE5A23D34C0E0041A767 /* Release */,
			);
			defaultConfigurationIsVisible = 0;
			defaultConfigurationName = Release;
		};
/* End XCConfigurationList section */

/* Begin XCRemoteSwiftPackageReference section */
		C9BB48362422B8A100761674 /* XCRemoteSwiftPackageReference "CareKit" */ = {
			isa = XCRemoteSwiftPackageReference;
			repositoryURL = "https://github.com/carekit-apple/CareKit";
			requirement = {
				branch = master;
				kind = branch;
			};
		};
/* End XCRemoteSwiftPackageReference section */

/* Begin XCVersionGroup section */
		C974EE3123D34C0D0041A767 /* ClimbingApp.xcdatamodeld */ = {
			isa = XCVersionGroup;
			children = (
				C974EE3223D34C0D0041A767 /* ClimbingApp.xcdatamodel */,
			);
			currentVersion = C974EE3223D34C0D0041A767 /* ClimbingApp.xcdatamodel */;
			path = ClimbingApp.xcdatamodeld;
			sourceTree = "<group>";
			versionGroupType = wrapper.xcdatamodel;
		};
/* End XCVersionGroup section */
	};
	rootObject = C974EE1D23D34C0D0041A767 /* Project object */;
}
